PODS:
  - AWSCognito (2.6.26):
    - AWSCore (= 2.6.26)
  - AWSCore (2.6.26)
  - AWSS3 (2.6.26):
    - AWSCore (= 2.6.26)

DEPENDENCIES:
  - AWSCognito (~> 2.6.13)
  - AWSCore
  - AWSS3 (~> 2.6.13)

SPEC REPOS:
  https://github.com/cocoapods/specs.git:
    - AWSCognito
    - AWSCore
    - AWSS3

SPEC CHECKSUMS:
  AWSCognito: a478efa37e614803ba4554a29ca1be69d70e0e43
  AWSCore: 0177bb7e5616d967277b398e7a05ed7a228e6158
  AWSS3: 4d857a223704bd956e91a659aec17ba1896ee0a9

PODFILE CHECKSUM: 2943ce8bbdd27ac0e4561f500efe93e7347b8e04

COCOAPODS: 1.5.3
