// !$*UTF8*$!
{
	archiveVersion = 1;
	classes = {
	};
	objectVersion = 50;
	objects = {

/* Begin PBXBuildFile section */
		067426805D83E98508E6778D /* Pods_Real_Time_Bird_Audio_Classifier.framework in Frameworks */ = {isa = PBXBuildFile; fileRef = 9394471B67EB9488E6B2830B /* Pods_Real_Time_Bird_Audio_Classifier.framework */; };
		840F1F412119E4C700F8E6DD /* ImageClassifierViewController.swift in Sources */ = {isa = PBXBuildFile; fileRef = 840F1F402119E4C700F8E6DD /* ImageClassifierViewController.swift */; };
		840F1F43211AC19E00F8E6DD /* it_5.mlmodel in Sources */ = {isa = PBXBuildFile; fileRef = 840F1F42211AC19D00F8E6DD /* it_5.mlmodel */; };
		842E492E2123F8860003A8FE /* local_sound.mp3 in Resources */ = {isa = PBXBuildFile; fileRef = 842E492D2123F8860003A8FE /* local_sound.mp3 */; };
		8434B5122116DB0700F6AECB /* AppDelegate.swift in Sources */ = {isa = PBXBuildFile; fileRef = 8434B5112116DB0700F6AECB /* AppDelegate.swift */; };
		8434B5142116DB0700F6AECB /* RecordSoundsViewController.swift in Sources */ = {isa = PBXBuildFile; fileRef = 8434B5132116DB0700F6AECB /* RecordSoundsViewController.swift */; };
		8434B5172116DB0700F6AECB /* Main.storyboard in Resources */ = {isa = PBXBuildFile; fileRef = 8434B5152116DB0700F6AECB /* Main.storyboard */; };
		8434B5192116DB0900F6AECB /* Assets.xcassets in Resources */ = {isa = PBXBuildFile; fileRef = 8434B5182116DB0900F6AECB /* Assets.xcassets */; };
		8434B51C2116DB0900F6AECB /* LaunchScreen.storyboard in Resources */ = {isa = PBXBuildFile; fileRef = 8434B51A2116DB0900F6AECB /* LaunchScreen.storyboard */; };
		8434B524211824A000F6AECB /* PlaySoundsViewController.swift in Sources */ = {isa = PBXBuildFile; fileRef = 8434B523211824A000F6AECB /* PlaySoundsViewController.swift */; };
		8434B5262118683E00F6AECB /* PlaySoundsViewController+Audio.swift in Sources */ = {isa = PBXBuildFile; fileRef = 8434B5252118683E00F6AECB /* PlaySoundsViewController+Audio.swift */; };
		846E220921241168009C4685 /* pika.png in Resources */ = {isa = PBXBuildFile; fileRef = 846E220821241167009C4685 /* pika.png */; };
		846E221121244D01009C4685 /* SoundsViewController.swift in Sources */ = {isa = PBXBuildFile; fileRef = 846E221021244D01009C4685 /* SoundsViewController.swift */; };
		846E221421245262009C4685 /* andropadus.mp3 in Resources */ = {isa = PBXBuildFile; fileRef = 846E221221245261009C4685 /* andropadus.mp3 */; };
		846E221521245262009C4685 /* anthus.mp3 in Resources */ = {isa = PBXBuildFile; fileRef = 846E221321245261009C4685 /* anthus.mp3 */; };
		846E221721245492009C4685 /* ServerClassifierViewController.swift in Sources */ = {isa = PBXBuildFile; fileRef = 846E221621245492009C4685 /* ServerClassifierViewController.swift */; };
/* End PBXBuildFile section */

/* Begin PBXFileReference section */
		11C32A3E17ED83D5376AC450 /* Pods-Real Time Bird Audio Classifier.release.xcconfig */ = {isa = PBXFileReference; includeInIndex = 1; lastKnownFileType = text.xcconfig; name = "Pods-Real Time Bird Audio Classifier.release.xcconfig"; path = "Pods/Target Support Files/Pods-Real Time Bird Audio Classifier/Pods-Real Time Bird Audio Classifier.release.xcconfig"; sourceTree = "<group>"; };
		2E3532E8948D60C3E8BCB0B7 /* Pods-Real Time Bird Audio Classifier.debug.xcconfig */ = {isa = PBXFileReference; includeInIndex = 1; lastKnownFileType = text.xcconfig; name = "Pods-Real Time Bird Audio Classifier.debug.xcconfig"; path = "Pods/Target Support Files/Pods-Real Time Bird Audio Classifier/Pods-Real Time Bird Audio Classifier.debug.xcconfig"; sourceTree = "<group>"; };
		840F1F402119E4C700F8E6DD /* ImageClassifierViewController.swift */ = {isa = PBXFileReference; lastKnownFileType = sourcecode.swift; path = ImageClassifierViewController.swift; sourceTree = "<group>"; };
		840F1F42211AC19D00F8E6DD /* it_5.mlmodel */ = {isa = PBXFileReference; lastKnownFileType = file.mlmodel; path = it_5.mlmodel; sourceTree = "<group>"; };
		842E492D2123F8860003A8FE /* local_sound.mp3 */ = {isa = PBXFileReference; lastKnownFileType = audio.mp3; path = local_sound.mp3; sourceTree = "<group>"; };
		8434B50E2116DB0700F6AECB /* Real Time Bird Audio Classifier.app */ = {isa = PBXFileReference; explicitFileType = wrapper.application; includeInIndex = 0; path = "Real Time Bird Audio Classifier.app"; sourceTree = BUILT_PRODUCTS_DIR; };
		8434B5112116DB0700F6AECB /* AppDelegate.swift */ = {isa = PBXFileReference; lastKnownFileType = sourcecode.swift; path = AppDelegate.swift; sourceTree = "<group>"; };
		8434B5132116DB0700F6AECB /* RecordSoundsViewController.swift */ = {isa = PBXFileReference; lastKnownFileType = sourcecode.swift; path = RecordSoundsViewController.swift; sourceTree = "<group>"; };
		8434B5162116DB0700F6AECB /* Base */ = {isa = PBXFileReference; lastKnownFileType = file.storyboard; name = Base; path = Base.lproj/Main.storyboard; sourceTree = "<group>"; };
		8434B5182116DB0900F6AECB /* Assets.xcassets */ = {isa = PBXFileReference; lastKnownFileType = folder.assetcatalog; path = Assets.xcassets; sourceTree = "<group>"; };
		8434B51B2116DB0900F6AECB /* Base */ = {isa = PBXFileReference; lastKnownFileType = file.storyboard; name = Base; path = Base.lproj/LaunchScreen.storyboard; sourceTree = "<group>"; };
		8434B51D2116DB0900F6AECB /* Info.plist */ = {isa = PBXFileReference; lastKnownFileType = text.plist.xml; path = Info.plist; sourceTree = "<group>"; };
		8434B523211824A000F6AECB /* PlaySoundsViewController.swift */ = {isa = PBXFileReference; lastKnownFileType = sourcecode.swift; path = PlaySoundsViewController.swift; sourceTree = "<group>"; };
		8434B5252118683E00F6AECB /* PlaySoundsViewController+Audio.swift */ = {isa = PBXFileReference; lastKnownFileType = sourcecode.swift; path = "PlaySoundsViewController+Audio.swift"; sourceTree = "<group>"; };
		846E220821241167009C4685 /* pika.png */ = {isa = PBXFileReference; lastKnownFileType = image.png; path = pika.png; sourceTree = "<group>"; };
		846E221021244D01009C4685 /* SoundsViewController.swift */ = {isa = PBXFileReference; lastKnownFileType = sourcecode.swift; path = SoundsViewController.swift; sourceTree = "<group>"; };
		846E221221245261009C4685 /* andropadus.mp3 */ = {isa = PBXFileReference; lastKnownFileType = audio.mp3; path = andropadus.mp3; sourceTree = "<group>"; };
		846E221321245261009C4685 /* anthus.mp3 */ = {isa = PBXFileReference; lastKnownFileType = audio.mp3; path = anthus.mp3; sourceTree = "<group>"; };
		846E221621245492009C4685 /* ServerClassifierViewController.swift */ = {isa = PBXFileReference; lastKnownFileType = sourcecode.swift; path = ServerClassifierViewController.swift; sourceTree = "<group>"; };
		9394471B67EB9488E6B2830B /* Pods_Real_Time_Bird_Audio_Classifier.framework */ = {isa = PBXFileReference; explicitFileType = wrapper.framework; includeInIndex = 0; path = Pods_Real_Time_Bird_Audio_Classifier.framework; sourceTree = BUILT_PRODUCTS_DIR; };
/* End PBXFileReference section */

/* Begin PBXFrameworksBuildPhase section */
		8434B50B2116DB0700F6AECB /* Frameworks */ = {
			isa = PBXFrameworksBuildPhase;
			buildActionMask = 2147483647;
			files = (
				067426805D83E98508E6778D /* Pods_Real_Time_Bird_Audio_Classifier.framework in Frameworks */,
			);
			runOnlyForDeploymentPostprocessing = 0;
		};
/* End PBXFrameworksBuildPhase section */

/* Begin PBXGroup section */
		8434B5052116DB0700F6AECB = {
			isa = PBXGroup;
			children = (
				8434B5102116DB0700F6AECB /* Real Time Bird Audio Classifier */,
				8434B50F2116DB0700F6AECB /* Products */,
				FD730EB45C151B6953119E1C /* Pods */,
				EDE1C55CAC38D4888CC4EAE8 /* Frameworks */,
			);
			sourceTree = "<group>";
		};
		8434B50F2116DB0700F6AECB /* Products */ = {
			isa = PBXGroup;
			children = (
				8434B50E2116DB0700F6AECB /* Real Time Bird Audio Classifier.app */,
			);
			name = Products;
			sourceTree = "<group>";
		};
		8434B5102116DB0700F6AECB /* Real Time Bird Audio Classifier */ = {
			isa = PBXGroup;
			children = (
				846E221221245261009C4685 /* andropadus.mp3 */,
				846E221321245261009C4685 /* anthus.mp3 */,
				842E492D2123F8860003A8FE /* local_sound.mp3 */,
				846E220821241167009C4685 /* pika.png */,
				840F1F42211AC19D00F8E6DD /* it_5.mlmodel */,
				8434B5112116DB0700F6AECB /* AppDelegate.swift */,
				8434B5152116DB0700F6AECB /* Main.storyboard */,
				8434B5132116DB0700F6AECB /* RecordSoundsViewController.swift */,
				8434B5182116DB0900F6AECB /* Assets.xcassets */,
				8434B51A2116DB0900F6AECB /* LaunchScreen.storyboard */,
				8434B51D2116DB0900F6AECB /* Info.plist */,
				8434B523211824A000F6AECB /* PlaySoundsViewController.swift */,
				8434B5252118683E00F6AECB /* PlaySoundsViewController+Audio.swift */,
				840F1F402119E4C700F8E6DD /* ImageClassifierViewController.swift */,
				846E221021244D01009C4685 /* SoundsViewController.swift */,
				846E221621245492009C4685 /* ServerClassifierViewController.swift */,
			);
			path = "Real Time Bird Audio Classifier";
			sourceTree = "<group>";
		};
		EDE1C55CAC38D4888CC4EAE8 /* Frameworks */ = {
			isa = PBXGroup;
			children = (
				9394471B67EB9488E6B2830B /* Pods_Real_Time_Bird_Audio_Classifier.framework */,
			);
			name = Frameworks;
			sourceTree = "<group>";
		};
		FD730EB45C151B6953119E1C /* Pods */ = {
			isa = PBXGroup;
			children = (
				2E3532E8948D60C3E8BCB0B7 /* Pods-Real Time Bird Audio Classifier.debug.xcconfig */,
				11C32A3E17ED83D5376AC450 /* Pods-Real Time Bird Audio Classifier.release.xcconfig */,
			);
			name = Pods;
			sourceTree = "<group>";
		};
/* End PBXGroup section */

/* Begin PBXNativeTarget section */
		8434B50D2116DB0700F6AECB /* Real Time Bird Audio Classifier */ = {
			isa = PBXNativeTarget;
			buildConfigurationList = 8434B5202116DB0900F6AECB /* Build configuration list for PBXNativeTarget "Real Time Bird Audio Classifier" */;
			buildPhases = (
				296E1467BAB86078F55E5743 /* [CP] Check Pods Manifest.lock */,
				8434B50A2116DB0700F6AECB /* Sources */,
				8434B50B2116DB0700F6AECB /* Frameworks */,
				8434B50C2116DB0700F6AECB /* Resources */,
				A6CC35796EFF0E63BD44E4A5 /* [CP] Embed Pods Frameworks */,
			);
			buildRules = (
			);
			dependencies = (
			);
			name = "Real Time Bird Audio Classifier";
			productName = "Real Time Bird Audio Classifier";
			productReference = 8434B50E2116DB0700F6AECB /* Real Time Bird Audio Classifier.app */;
			productType = "com.apple.product-type.application";
		};
/* End PBXNativeTarget section */

/* Begin PBXProject section */
		8434B5062116DB0700F6AECB /* Project object */ = {
			isa = PBXProject;
			attributes = {
				LastSwiftUpdateCheck = 0940;
				LastUpgradeCheck = 0940;
				ORGANIZATIONNAME = "Lab Proj";
				TargetAttributes = {
					8434B50D2116DB0700F6AECB = {
						CreatedOnToolsVersion = 9.4.1;
					};
				};
			};
			buildConfigurationList = 8434B5092116DB0700F6AECB /* Build configuration list for PBXProject "Real Time Bird Audio Classifier" */;
			compatibilityVersion = "Xcode 9.3";
			developmentRegion = en;
			hasScannedForEncodings = 0;
			knownRegions = (
				en,
				Base,
			);
			mainGroup = 8434B5052116DB0700F6AECB;
			productRefGroup = 8434B50F2116DB0700F6AECB /* Products */;
			projectDirPath = "";
			projectRoot = "";
			targets = (
				8434B50D2116DB0700F6AECB /* Real Time Bird Audio Classifier */,
			);
		};
/* End PBXProject section */

/* Begin PBXResourcesBuildPhase section */
		8434B50C2116DB0700F6AECB /* Resources */ = {
			isa = PBXResourcesBuildPhase;
			buildActionMask = 2147483647;
			files = (
				8434B51C2116DB0900F6AECB /* LaunchScreen.storyboard in Resources */,
				846E220921241168009C4685 /* pika.png in Resources */,
				842E492E2123F8860003A8FE /* local_sound.mp3 in Resources */,
				8434B5192116DB0900F6AECB /* Assets.xcassets in Resources */,
				8434B5172116DB0700F6AECB /* Main.storyboard in Resources */,
				846E221421245262009C4685 /* andropadus.mp3 in Resources */,
				846E221521245262009C4685 /* anthus.mp3 in Resources */,
			);
			runOnlyForDeploymentPostprocessing = 0;
		};
/* End PBXResourcesBuildPhase section */

/* Begin PBXShellScriptBuildPhase section */
		296E1467BAB86078F55E5743 /* [CP] Check Pods Manifest.lock */ = {
			isa = PBXShellScriptBuildPhase;
			buildActionMask = 2147483647;
			files = (
			);
			inputPaths = (
				"${PODS_PODFILE_DIR_PATH}/Podfile.lock",
				"${PODS_ROOT}/Manifest.lock",
			);
			name = "[CP] Check Pods Manifest.lock";
			outputPaths = (
				"$(DERIVED_FILE_DIR)/Pods-Real Time Bird Audio Classifier-checkManifestLockResult.txt",
			);
			runOnlyForDeploymentPostprocessing = 0;
			shellPath = /bin/sh;
			shellScript = "diff \"${PODS_PODFILE_DIR_PATH}/Podfile.lock\" \"${PODS_ROOT}/Manifest.lock\" > /dev/null\nif [ $? != 0 ] ; then\n    # print error to STDERR\n    echo \"error: The sandbox is not in sync with the Podfile.lock. Run 'pod install' or update your CocoaPods installation.\" >&2\n    exit 1\nfi\n# This output is used by Xcode 'outputs' to avoid re-running this script phase.\necho \"SUCCESS\" > \"${SCRIPT_OUTPUT_FILE_0}\"\n";
			showEnvVarsInLog = 0;
		};
		A6CC35796EFF0E63BD44E4A5 /* [CP] Embed Pods Frameworks */ = {
			isa = PBXShellScriptBuildPhase;
			buildActionMask = 2147483647;
			files = (
			);
			inputPaths = (
				"${SRCROOT}/Pods/Target Support Files/Pods-Real Time Bird Audio Classifier/Pods-Real Time Bird Audio Classifier-frameworks.sh",
				"${BUILT_PRODUCTS_DIR}/AWSCognito/AWSCognito.framework",
				"${BUILT_PRODUCTS_DIR}/AWSCore/AWSCore.framework",
				"${BUILT_PRODUCTS_DIR}/AWSS3/AWSS3.framework",
			);
			name = "[CP] Embed Pods Frameworks";
			outputPaths = (
				"${TARGET_BUILD_DIR}/${FRAMEWORKS_FOLDER_PATH}/AWSCognito.framework",
				"${TARGET_BUILD_DIR}/${FRAMEWORKS_FOLDER_PATH}/AWSCore.framework",
				"${TARGET_BUILD_DIR}/${FRAMEWORKS_FOLDER_PATH}/AWSS3.framework",
			);
			runOnlyForDeploymentPostprocessing = 0;
			shellPath = /bin/sh;
			shellScript = "\"${SRCROOT}/Pods/Target Support Files/Pods-Real Time Bird Audio Classifier/Pods-Real Time Bird Audio Classifier-frameworks.sh\"\n";
			showEnvVarsInLog = 0;
		};
/* End PBXShellScriptBuildPhase section */

/* Begin PBXSourcesBuildPhase section */
		8434B50A2116DB0700F6AECB /* Sources */ = {
			isa = PBXSourcesBuildPhase;
			buildActionMask = 2147483647;
			files = (
				8434B5142116DB0700F6AECB /* RecordSoundsViewController.swift in Sources */,
				840F1F43211AC19E00F8E6DD /* it_5.mlmodel in Sources */,
				846E221721245492009C4685 /* ServerClassifierViewController.swift in Sources */,
				840F1F412119E4C700F8E6DD /* ImageClassifierViewController.swift in Sources */,
				8434B5262118683E00F6AECB /* PlaySoundsViewController+Audio.swift in Sources */,
				8434B524211824A000F6AECB /* PlaySoundsViewController.swift in Sources */,
				846E221121244D01009C4685 /* SoundsViewController.swift in Sources */,
				8434B5122116DB0700F6AECB /* AppDelegate.swift in Sources */,
			);
			runOnlyForDeploymentPostprocessing = 0;
		};
/* End PBXSourcesBuildPhase section */

/* Begin PBXVariantGroup section */
		8434B5152116DB0700F6AECB /* Main.storyboard */ = {
			isa = PBXVariantGroup;
			children = (
				8434B5162116DB0700F6AECB /* Base */,
			);
			name = Main.storyboard;
			sourceTree = "<group>";
		};
		8434B51A2116DB0900F6AECB /* LaunchScreen.storyboard */ = {
			isa = PBXVariantGroup;
			children = (
				8434B51B2116DB0900F6AECB /* Base */,
			);
			name = LaunchScreen.storyboard;
			sourceTree = "<group>";
		};
/* End PBXVariantGroup section */

/* Begin XCBuildConfiguration section */
		8434B51E2116DB0900F6AECB /* Debug */ = {
			isa = XCBuildConfiguration;
			buildSettings = {
				ALWAYS_SEARCH_USER_PATHS = NO;
				CLANG_ANALYZER_NONNULL = YES;
				CLANG_ANALYZER_NUMBER_OBJECT_CONVERSION = YES_AGGRESSIVE;
				CLANG_CXX_LANGUAGE_STANDARD = "gnu++14";
				CLANG_CXX_LIBRARY = "libc++";
				CLANG_ENABLE_MODULES = YES;
				CLANG_ENABLE_OBJC_ARC = YES;
				CLANG_ENABLE_OBJC_WEAK = YES;
				CLANG_WARN_BLOCK_CAPTURE_AUTORELEASING = YES;
				CLANG_WARN_BOOL_CONVERSION = YES;
				CLANG_WARN_COMMA = YES;
				CLANG_WARN_CONSTANT_CONVERSION = YES;
				CLANG_WARN_DEPRECATED_OBJC_IMPLEMENTATIONS = YES;
				CLANG_WARN_DIRECT_OBJC_ISA_USAGE = YES_ERROR;
				CLANG_WARN_DOCUMENTATION_COMMENTS = YES;
				CLANG_WARN_EMPTY_BODY = YES;
				CLANG_WARN_ENUM_CONVERSION = YES;
				CLANG_WARN_INFINITE_RECURSION = YES;
				CLANG_WARN_INT_CONVERSION = YES;
				CLANG_WARN_NON_LITERAL_NULL_CONVERSION = YES;
				CLANG_WARN_OBJC_IMPLICIT_RETAIN_SELF = YES;
				CLANG_WARN_OBJC_LITERAL_CONVERSION = YES;
				CLANG_WARN_OBJC_ROOT_CLASS = YES_ERROR;
				CLANG_WARN_RANGE_LOOP_ANALYSIS = YES;
				CLANG_WARN_STRICT_PROTOTYPES = YES;
				CLANG_WARN_SUSPICIOUS_MOVE = YES;
				CLANG_WARN_UNGUARDED_AVAILABILITY = YES_AGGRESSIVE;
				CLANG_WARN_UNREACHABLE_CODE = YES;
				CLANG_WARN__DUPLICATE_METHOD_MATCH = YES;
				CODE_SIGN_IDENTITY = "iPhone Developer";
				COPY_PHASE_STRIP = NO;
				DEBUG_INFORMATION_FORMAT = dwarf;
				ENABLE_STRICT_OBJC_MSGSEND = YES;
				ENABLE_TESTABILITY = YES;
				GCC_C_LANGUAGE_STANDARD = gnu11;
				GCC_DYNAMIC_NO_PIC = NO;
				GCC_NO_COMMON_BLOCKS = YES;
				GCC_OPTIMIZATION_LEVEL = 0;
				GCC_PREPROCESSOR_DEFINITIONS = (
					"DEBUG=1",
					"$(inherited)",
				);
				GCC_WARN_64_TO_32_BIT_CONVERSION = YES;
				GCC_WARN_ABOUT_RETURN_TYPE = YES_ERROR;
				GCC_WARN_UNDECLARED_SELECTOR = YES;
				GCC_WARN_UNINITIALIZED_AUTOS = YES_AGGRESSIVE;
				GCC_WARN_UNUSED_FUNCTION = YES;
				GCC_WARN_UNUSED_VARIABLE = YES;
				IPHONEOS_DEPLOYMENT_TARGET = 11.4;
				MTL_ENABLE_DEBUG_INFO = YES;
				ONLY_ACTIVE_ARCH = YES;
				SDKROOT = iphoneos;
				SWIFT_ACTIVE_COMPILATION_CONDITIONS = DEBUG;
				SWIFT_OPTIMIZATION_LEVEL = "-Onone";
			};
			name = Debug;
		};
		8434B51F2116DB0900F6AECB /* Release */ = {
			isa = XCBuildConfiguration;
			buildSettings = {
				ALWAYS_SEARCH_USER_PATHS = NO;
				CLANG_ANALYZER_NONNULL = YES;
				CLANG_ANALYZER_NUMBER_OBJECT_CONVERSION = YES_AGGRESSIVE;
				CLANG_CXX_LANGUAGE_STANDARD = "gnu++14";
				CLANG_CXX_LIBRARY = "libc++";
				CLANG_ENABLE_MODULES = YES;
				CLANG_ENABLE_OBJC_ARC = YES;
				CLANG_ENABLE_OBJC_WEAK = YES;
				CLANG_WARN_BLOCK_CAPTURE_AUTORELEASING = YES;
				CLANG_WARN_BOOL_CONVERSION = YES;
				CLANG_WARN_COMMA = YES;
				CLANG_WARN_CONSTANT_CONVERSION = YES;
				CLANG_WARN_DEPRECATED_OBJC_IMPLEMENTATIONS = YES;
				CLANG_WARN_DIRECT_OBJC_ISA_USAGE = YES_ERROR;
				CLANG_WARN_DOCUMENTATION_COMMENTS = YES;
				CLANG_WARN_EMPTY_BODY = YES;
				CLANG_WARN_ENUM_CONVERSION = YES;
				CLANG_WARN_INFINITE_RECURSION = YES;
				CLANG_WARN_INT_CONVERSION = YES;
				CLANG_WARN_NON_LITERAL_NULL_CONVERSION = YES;
				CLANG_WARN_OBJC_IMPLICIT_RETAIN_SELF = YES;
				CLANG_WARN_OBJC_LITERAL_CONVERSION = YES;
				CLANG_WARN_OBJC_ROOT_CLASS = YES_ERROR;
				CLANG_WARN_RANGE_LOOP_ANALYSIS = YES;
				CLANG_WARN_STRICT_PROTOTYPES = YES;
				CLANG_WARN_SUSPICIOUS_MOVE = YES;
				CLANG_WARN_UNGUARDED_AVAILABILITY = YES_AGGRESSIVE;
				CLANG_WARN_UNREACHABLE_CODE = YES;
				CLANG_WARN__DUPLICATE_METHOD_MATCH = YES;
				CODE_SIGN_IDENTITY = "iPhone Developer";
				COPY_PHASE_STRIP = NO;
				DEBUG_INFORMATION_FORMAT = "dwarf-with-dsym";
				ENABLE_NS_ASSERTIONS = NO;
				ENABLE_STRICT_OBJC_MSGSEND = YES;
				GCC_C_LANGUAGE_STANDARD = gnu11;
				GCC_NO_COMMON_BLOCKS = YES;
				GCC_WARN_64_TO_32_BIT_CONVERSION = YES;
				GCC_WARN_ABOUT_RETURN_TYPE = YES_ERROR;
				GCC_WARN_UNDECLARED_SELECTOR = YES;
				GCC_WARN_UNINITIALIZED_AUTOS = YES_AGGRESSIVE;
				GCC_WARN_UNUSED_FUNCTION = YES;
				GCC_WARN_UNUSED_VARIABLE = YES;
				IPHONEOS_DEPLOYMENT_TARGET = 11.4;
				MTL_ENABLE_DEBUG_INFO = NO;
				SDKROOT = iphoneos;
				SWIFT_COMPILATION_MODE = wholemodule;
				SWIFT_OPTIMIZATION_LEVEL = "-O";
				VALIDATE_PRODUCT = YES;
			};
			name = Release;
		};
		8434B5212116DB0900F6AECB /* Debug */ = {
			isa = XCBuildConfiguration;
			baseConfigurationReference = 2E3532E8948D60C3E8BCB0B7 /* Pods-Real Time Bird Audio Classifier.debug.xcconfig */;
			buildSettings = {
				ASSETCATALOG_COMPILER_APPICON_NAME = AppIcon;
				CODE_SIGN_STYLE = Automatic;
				DEVELOPMENT_TEAM = BUJVSD6CDW;
				INFOPLIST_FILE = "Real Time Bird Audio Classifier/Info.plist";
				LD_RUNPATH_SEARCH_PATHS = (
					"$(inherited)",
					"@executable_path/Frameworks",
				);
				PRODUCT_BUNDLE_IDENTIFIER = "Kavilan-Nair.Real-Time-Bird-Audio-Classifier";
				PRODUCT_NAME = "$(TARGET_NAME)";
				SWIFT_VERSION = 4.0;
				TARGETED_DEVICE_FAMILY = "1,2";
			};
			name = Debug;
		};
		8434B5222116DB0900F6AECB /* Release */ = {
			isa = XCBuildConfiguration;
			baseConfigurationReference = 11C32A3E17ED83D5376AC450 /* Pods-Real Time Bird Audio Classifier.release.xcconfig */;
			buildSettings = {
				ASSETCATALOG_COMPILER_APPICON_NAME = AppIcon;
				CODE_SIGN_STYLE = Automatic;
				DEVELOPMENT_TEAM = BUJVSD6CDW;
				INFOPLIST_FILE = "Real Time Bird Audio Classifier/Info.plist";
				LD_RUNPATH_SEARCH_PATHS = (
					"$(inherited)",
					"@executable_path/Frameworks",
				);
				PRODUCT_BUNDLE_IDENTIFIER = "Kavilan-Nair.Real-Time-Bird-Audio-Classifier";
				PRODUCT_NAME = "$(TARGET_NAME)";
				SWIFT_VERSION = 4.0;
				TARGETED_DEVICE_FAMILY = "1,2";
			};
			name = Release;
		};
/* End XCBuildConfiguration section */

/* Begin XCConfigurationList section */
		8434B5092116DB0700F6AECB /* Build configuration list for PBXProject "Real Time Bird Audio Classifier" */ = {
			isa = XCConfigurationList;
			buildConfigurations = (
				8434B51E2116DB0900F6AECB /* Debug */,
				8434B51F2116DB0900F6AECB /* Release */,
			);
			defaultConfigurationIsVisible = 0;
			defaultConfigurationName = Release;
		};
		8434B5202116DB0900F6AECB /* Build configuration list for PBXNativeTarget "Real Time Bird Audio Classifier" */ = {
			isa = XCConfigurationList;
			buildConfigurations = (
				8434B5212116DB0900F6AECB /* Debug */,
				8434B5222116DB0900F6AECB /* Release */,
			);
			defaultConfigurationIsVisible = 0;
			defaultConfigurationName = Release;
		};
/* End XCConfigurationList section */
	};
	rootObject = 8434B5062116DB0700F6AECB /* Project object */;
}
